
Microsoft Visual Studio Solution File, Format Version 12.00
# Visual Studio Version 17
VisualStudioVersion = 17.7.34024.191
MinimumVisualStudioVersion = 10.0.40219.1
Project("{FAE04EC0-301F-11D3-BF4B-00C04F79EFBC}") = "SmallBusiness", "SmallBusiness\SmallBusiness.csproj", "{5727D0BF-AC13-4E5B-914D-86A0A5863DB4}"
EndProject
Global
	GlobalSection(SolutionConfigurationPlatforms) = preSolution
		Debug|Any CPU = Debug|Any CPU
		Release|Any CPU = Release|Any CPU
	EndGlobalSection
	GlobalSection(ProjectConfigurationPlatforms) = postSolution
		{5727D0BF-AC13-4E5B-914D-86A0A5863DB4}.Debug|Any CPU.ActiveCfg = Debug|Any CPU
		{5727D0BF-AC13-4E5B-914D-86A0A5863DB4}.Debug|Any CPU.Build.0 = Debug|Any CPU
		{5727D0BF-AC13-4E5B-914D-86A0A5863DB4}.Release|Any CPU.ActiveCfg = Release|Any CPU
		{5727D0BF-AC13-4E5B-914D-86A0A5863DB4}.Release|Any CPU.Build.0 = Release|Any CPU
	EndGlobalSection
	GlobalSection(SolutionProperties) = preSolution
		HideSolutionNode = FALSE
	EndGlobalSection
	GlobalSection(ExtensibilityGlobals) = postSolution
		SolutionGuid = {B0DEEFAD-B15C-4D3D-BB0A-823558C30A1B}
	EndGlobalSection
EndGlobal
